
Microsoft Visual Studio Solution File, Format Version 12.00
# Visual Studio Version 16
VisualStudioVersion = 16.0.32126.315
MinimumVisualStudioVersion = 10.0.40219.1
Project("{FAE04EC0-301F-11D3-BF4B-00C04F79EFBC}") = "Cz.Project.Domain", "Cz.Project.Domain\Cz.Project.Domain.csproj", "{76D1876D-E8F0-499E-80EE-3FB52D48DCDD}"
EndProject
Project("{2150E333-8FDC-42A3-9474-1A3956D46DE8}") = "Repos", "Repos", "{1793EF82-5D13-4EFE-B9C0-245AEF20A058}"
EndProject
Project("{FAE04EC0-301F-11D3-BF4B-00C04F79EFBC}") = "Cz.Project.EFRepository", "Cz.Project.EFRepository\Cz.Project.EFRepository.csproj", "{DA73E320-4FC9-4888-8A96-5D1BA23251A6}"
	ProjectSection(ProjectDependencies) = postProject
		{76D1876D-E8F0-499E-80EE-3FB52D48DCDD} = {76D1876D-E8F0-499E-80EE-3FB52D48DCDD}
	EndProjectSection
EndProject
Project("{FAE04EC0-301F-11D3-BF4B-00C04F79EFBC}") = "Cz.Project.SQLRepository", "Cz.Project.SQLRepository\Cz.Project.SQLRepository.csproj", "{0D4E4928-6F5D-43A5-9A09-AA549BA8E778}"
	ProjectSection(ProjectDependencies) = postProject
		{76D1876D-E8F0-499E-80EE-3FB52D48DCDD} = {76D1876D-E8F0-499E-80EE-3FB52D48DCDD}
	EndProjectSection
EndProject
Project("{FAE04EC0-301F-11D3-BF4B-00C04F79EFBC}") = "Cz.Project.Context", "Cz.Project.Context\Cz.Project.Context.csproj", "{9FE5ED09-120C-4005-84A6-DA3E92388301}"
	ProjectSection(ProjectDependencies) = postProject
		{DA73E320-4FC9-4888-8A96-5D1BA23251A6} = {DA73E320-4FC9-4888-8A96-5D1BA23251A6}
		{0D4E4928-6F5D-43A5-9A09-AA549BA8E778} = {0D4E4928-6F5D-43A5-9A09-AA549BA8E778}
		{74ECE065-E631-49F2-B863-1591545B2DCE} = {74ECE065-E631-49F2-B863-1591545B2DCE}
		{76D1876D-E8F0-499E-80EE-3FB52D48DCDD} = {76D1876D-E8F0-499E-80EE-3FB52D48DCDD}
		{4D6B4CB1-6888-403B-96DF-688B6EB48219} = {4D6B4CB1-6888-403B-96DF-688B6EB48219}
	EndProjectSection
EndProject
Project("{FAE04EC0-301F-11D3-BF4B-00C04F79EFBC}") = "Cz.Project.Dto", "Cz.Project.Dto\Cz.Project.Dto.csproj", "{74ECE065-E631-49F2-B863-1591545B2DCE}"
	ProjectSection(ProjectDependencies) = postProject
		{A230EE39-2178-4D0B-92CC-136F4523720C} = {A230EE39-2178-4D0B-92CC-136F4523720C}
	EndProjectSection
EndProject
Project("{FAE04EC0-301F-11D3-BF4B-00C04F79EFBC}") = "Cz.Project.Services", "Cz.Project.Services\Cz.Project.Services.csproj", "{4D6B4CB1-6888-403B-96DF-688B6EB48219}"
	ProjectSection(ProjectDependencies) = postProject
		{A230EE39-2178-4D0B-92CC-136F4523720C} = {A230EE39-2178-4D0B-92CC-136F4523720C}
	EndProjectSection
EndProject
Project("{FAE04EC0-301F-11D3-BF4B-00C04F79EFBC}") = "Cz.Project.UI", "Cz.Project.UI\Cz.Project.UI.csproj", "{451E2306-4FE6-4721-A7F9-8B9DC65B7B16}"
	ProjectSection(ProjectDependencies) = postProject
		{6DC8505C-1470-48F6-8A98-BD2E675DEE0D} = {6DC8505C-1470-48F6-8A98-BD2E675DEE0D}
		{74ECE065-E631-49F2-B863-1591545B2DCE} = {74ECE065-E631-49F2-B863-1591545B2DCE}
		{4D6B4CB1-6888-403B-96DF-688B6EB48219} = {4D6B4CB1-6888-403B-96DF-688B6EB48219}
	EndProjectSection
EndProject
Project("{FAE04EC0-301F-11D3-BF4B-00C04F79EFBC}") = "Cz.Project.Business", "Cz.Project.Business\Cz.Project.Business.csproj", "{6DC8505C-1470-48F6-8A98-BD2E675DEE0D}"
	ProjectSection(ProjectDependencies) = postProject
		{9FE5ED09-120C-4005-84A6-DA3E92388301} = {9FE5ED09-120C-4005-84A6-DA3E92388301}
		{74ECE065-E631-49F2-B863-1591545B2DCE} = {74ECE065-E631-49F2-B863-1591545B2DCE}
		{4D6B4CB1-6888-403B-96DF-688B6EB48219} = {4D6B4CB1-6888-403B-96DF-688B6EB48219}
	EndProjectSection
EndProject
Project("{FAE04EC0-301F-11D3-BF4B-00C04F79EFBC}") = "Cz.Project.Abstraction", "Cz.Project.Abstraction\Cz.Project.Abstraction.csproj", "{A230EE39-2178-4D0B-92CC-136F4523720C}"
EndProject
Global
	GlobalSection(SolutionConfigurationPlatforms) = preSolution
		Debug|Any CPU = Debug|Any CPU
		Release|Any CPU = Release|Any CPU
	EndGlobalSection
	GlobalSection(ProjectConfigurationPlatforms) = postSolution
		{76D1876D-E8F0-499E-80EE-3FB52D48DCDD}.Debug|Any CPU.ActiveCfg = Debug|Any CPU
		{76D1876D-E8F0-499E-80EE-3FB52D48DCDD}.Debug|Any CPU.Build.0 = Debug|Any CPU
		{76D1876D-E8F0-499E-80EE-3FB52D48DCDD}.Release|Any CPU.ActiveCfg = Release|Any CPU
		{76D1876D-E8F0-499E-80EE-3FB52D48DCDD}.Release|Any CPU.Build.0 = Release|Any CPU
		{DA73E320-4FC9-4888-8A96-5D1BA23251A6}.Debug|Any CPU.ActiveCfg = Debug|Any CPU
		{DA73E320-4FC9-4888-8A96-5D1BA23251A6}.Debug|Any CPU.Build.0 = Debug|Any CPU
		{DA73E320-4FC9-4888-8A96-5D1BA23251A6}.Release|Any CPU.ActiveCfg = Release|Any CPU
		{DA73E320-4FC9-4888-8A96-5D1BA23251A6}.Release|Any CPU.Build.0 = Release|Any CPU
		{0D4E4928-6F5D-43A5-9A09-AA549BA8E778}.Debug|Any CPU.ActiveCfg = Debug|Any CPU
		{0D4E4928-6F5D-43A5-9A09-AA549BA8E778}.Debug|Any CPU.Build.0 = Debug|Any CPU
		{0D4E4928-6F5D-43A5-9A09-AA549BA8E778}.Release|Any CPU.ActiveCfg = Release|Any CPU
		{0D4E4928-6F5D-43A5-9A09-AA549BA8E778}.Release|Any CPU.Build.0 = Release|Any CPU
		{9FE5ED09-120C-4005-84A6-DA3E92388301}.Debug|Any CPU.ActiveCfg = Debug|Any CPU
		{9FE5ED09-120C-4005-84A6-DA3E92388301}.Debug|Any CPU.Build.0 = Debug|Any CPU
		{9FE5ED09-120C-4005-84A6-DA3E92388301}.Release|Any CPU.ActiveCfg = Release|Any CPU
		{9FE5ED09-120C-4005-84A6-DA3E92388301}.Release|Any CPU.Build.0 = Release|Any CPU
		{74ECE065-E631-49F2-B863-1591545B2DCE}.Debug|Any CPU.ActiveCfg = Debug|Any CPU
		{74ECE065-E631-49F2-B863-1591545B2DCE}.Debug|Any CPU.Build.0 = Debug|Any CPU
		{74ECE065-E631-49F2-B863-1591545B2DCE}.Release|Any CPU.ActiveCfg = Release|Any CPU
		{74ECE065-E631-49F2-B863-1591545B2DCE}.Release|Any CPU.Build.0 = Release|Any CPU
		{4D6B4CB1-6888-403B-96DF-688B6EB48219}.Debug|Any CPU.ActiveCfg = Debug|Any CPU
		{4D6B4CB1-6888-403B-96DF-688B6EB48219}.Debug|Any CPU.Build.0 = Debug|Any CPU
		{4D6B4CB1-6888-403B-96DF-688B6EB48219}.Release|Any CPU.ActiveCfg = Release|Any CPU
		{4D6B4CB1-6888-403B-96DF-688B6EB48219}.Release|Any CPU.Build.0 = Release|Any CPU
		{451E2306-4FE6-4721-A7F9-8B9DC65B7B16}.Debug|Any CPU.ActiveCfg = Debug|Any CPU
		{451E2306-4FE6-4721-A7F9-8B9DC65B7B16}.Debug|Any CPU.Build.0 = Debug|Any CPU
		{451E2306-4FE6-4721-A7F9-8B9DC65B7B16}.Release|Any CPU.ActiveCfg = Release|Any CPU
		{451E2306-4FE6-4721-A7F9-8B9DC65B7B16}.Release|Any CPU.Build.0 = Release|Any CPU
		{6DC8505C-1470-48F6-8A98-BD2E675DEE0D}.Debug|Any CPU.ActiveCfg = Debug|Any CPU
		{6DC8505C-1470-48F6-8A98-BD2E675DEE0D}.Debug|Any CPU.Build.0 = Debug|Any CPU
		{6DC8505C-1470-48F6-8A98-BD2E675DEE0D}.Release|Any CPU.ActiveCfg = Release|Any CPU
		{6DC8505C-1470-48F6-8A98-BD2E675DEE0D}.Release|Any CPU.Build.0 = Release|Any CPU
		{A230EE39-2178-4D0B-92CC-136F4523720C}.Debug|Any CPU.ActiveCfg = Debug|Any CPU
		{A230EE39-2178-4D0B-92CC-136F4523720C}.Debug|Any CPU.Build.0 = Debug|Any CPU
		{A230EE39-2178-4D0B-92CC-136F4523720C}.Release|Any CPU.ActiveCfg = Release|Any CPU
		{A230EE39-2178-4D0B-92CC-136F4523720C}.Release|Any CPU.Build.0 = Release|Any CPU
	EndGlobalSection
	GlobalSection(SolutionProperties) = preSolution
		HideSolutionNode = FALSE
	EndGlobalSection
	GlobalSection(NestedProjects) = preSolution
		{DA73E320-4FC9-4888-8A96-5D1BA23251A6} = {1793EF82-5D13-4EFE-B9C0-245AEF20A058}
		{0D4E4928-6F5D-43A5-9A09-AA549BA8E778} = {1793EF82-5D13-4EFE-B9C0-245AEF20A058}
	EndGlobalSection
	GlobalSection(ExtensibilityGlobals) = postSolution
		SolutionGuid = {5192602D-4A99-4FC5-90C7-C0133D7069CD}
	EndGlobalSection
EndGlobal
